
Microsoft Visual Studio Solution File, Format Version 12.00
# Visual Studio 15
VisualStudioVersion = 15.0.26124.0
MinimumVisualStudioVersion = 15.0.26124.0
Project("{9A19103F-16F7-4668-BE54-9A1E7A4F7556}") = "PithyLink.Web", "PithyLink.Web\PithyLink.Web.csproj", "{C42AA12E-1A83-452D-9FAA-A4DD9AC0B261}"
EndProject
Project("{9A19103F-16F7-4668-BE54-9A1E7A4F7556}") = "PithyLink.Web.Tests", "PithyLink.Web.Tests\PithyLink.Web.Tests.csproj", "{E5C8BC25-2B57-4326-A7BF-1CD0CD799818}"
EndProject
Project("{2150E333-8FDC-42A3-9474-1A3956D46DE8}") = "Solution Items", "Solution Items", "{DC13521C-26F6-4860-9B1D-B05F828C2E1E}"
	ProjectSection(SolutionItems) = preProject
		CHANGES.md = CHANGES.md
		CODE-OF-CONDUCT.md = CODE-OF-CONDUCT.md
		CONTRIBUTING.md = CONTRIBUTING.md
		README.md = README.md
	EndProjectSection
EndProject
Project("{2150E333-8FDC-42A3-9474-1A3956D46DE8}") = ".azure-pipelines", ".azure-pipelines", "{25C80984-6B94-4680-84EC-F1DB56B7662C}"
	ProjectSection(SolutionItems) = preProject
		.azure-pipelines\azure-pipelines.yml = .azure-pipelines\azure-pipelines.yml
	EndProjectSection
EndProject
Global
	GlobalSection(SolutionConfigurationPlatforms) = preSolution
		Debug|Any CPU = Debug|Any CPU
		Debug|x64 = Debug|x64
		Debug|x86 = Debug|x86
		Release|Any CPU = Release|Any CPU
		Release|x64 = Release|x64
		Release|x86 = Release|x86
	EndGlobalSection
	GlobalSection(ProjectConfigurationPlatforms) = postSolution
		{C42AA12E-1A83-452D-9FAA-A4DD9AC0B261}.Debug|Any CPU.ActiveCfg = Debug|Any CPU
		{C42AA12E-1A83-452D-9FAA-A4DD9AC0B261}.Debug|Any CPU.Build.0 = Debug|Any CPU
		{C42AA12E-1A83-452D-9FAA-A4DD9AC0B261}.Debug|x64.ActiveCfg = Debug|Any CPU
		{C42AA12E-1A83-452D-9FAA-A4DD9AC0B261}.Debug|x64.Build.0 = Debug|Any CPU
		{C42AA12E-1A83-452D-9FAA-A4DD9AC0B261}.Debug|x86.ActiveCfg = Debug|Any CPU
		{C42AA12E-1A83-452D-9FAA-A4DD9AC0B261}.Debug|x86.Build.0 = Debug|Any CPU
		{C42AA12E-1A83-452D-9FAA-A4DD9AC0B261}.Release|Any CPU.ActiveCfg = Release|Any CPU
		{C42AA12E-1A83-452D-9FAA-A4DD9AC0B261}.Release|Any CPU.Build.0 = Release|Any CPU
		{C42AA12E-1A83-452D-9FAA-A4DD9AC0B261}.Release|x64.ActiveCfg = Release|Any CPU
		{C42AA12E-1A83-452D-9FAA-A4DD9AC0B261}.Release|x64.Build.0 = Release|Any CPU
		{C42AA12E-1A83-452D-9FAA-A4DD9AC0B261}.Release|x86.ActiveCfg = Release|Any CPU
		{C42AA12E-1A83-452D-9FAA-A4DD9AC0B261}.Release|x86.Build.0 = Release|Any CPU
		{E5C8BC25-2B57-4326-A7BF-1CD0CD799818}.Debug|Any CPU.ActiveCfg = Debug|Any CPU
		{E5C8BC25-2B57-4326-A7BF-1CD0CD799818}.Debug|Any CPU.Build.0 = Debug|Any CPU
		{E5C8BC25-2B57-4326-A7BF-1CD0CD799818}.Debug|x64.ActiveCfg = Debug|Any CPU
		{E5C8BC25-2B57-4326-A7BF-1CD0CD799818}.Debug|x64.Build.0 = Debug|Any CPU
		{E5C8BC25-2B57-4326-A7BF-1CD0CD799818}.Debug|x86.ActiveCfg = Debug|Any CPU
		{E5C8BC25-2B57-4326-A7BF-1CD0CD799818}.Debug|x86.Build.0 = Debug|Any CPU
		{E5C8BC25-2B57-4326-A7BF-1CD0CD799818}.Release|Any CPU.ActiveCfg = Release|Any CPU
		{E5C8BC25-2B57-4326-A7BF-1CD0CD799818}.Release|Any CPU.Build.0 = Release|Any CPU
		{E5C8BC25-2B57-4326-A7BF-1CD0CD799818}.Release|x64.ActiveCfg = Release|Any CPU
		{E5C8BC25-2B57-4326-A7BF-1CD0CD799818}.Release|x64.Build.0 = Release|Any CPU
		{E5C8BC25-2B57-4326-A7BF-1CD0CD799818}.Release|x86.ActiveCfg = Release|Any CPU
		{E5C8BC25-2B57-4326-A7BF-1CD0CD799818}.Release|x86.Build.0 = Release|Any CPU
	EndGlobalSection
	GlobalSection(SolutionProperties) = preSolution
		HideSolutionNode = FALSE
	EndGlobalSection
	GlobalSection(ExtensibilityGlobals) = postSolution
		SolutionGuid = {E1EA198A-2C1E-45D6-8972-1379D165BD03}
	EndGlobalSection
EndGlobal
